# This file is automatically @generated by Cargo.
# It is not intended for manual editing.
version = 4

[[package]]
name = "lattice-cli"
version = "0.1.0"
dependencies = [
 "lattice-core",
 "lattice-format",
 "lattice-sync",
 "lattice-transport",
]

[[package]]
name = "lattice-core"
version = "0.1.0"
dependencies = [
 "lattice-format",
]

[[package]]
name = "lattice-format"
version = "0.1.0"

[[package]]
name = "lattice-sync"
version = "0.1.0"

[[package]]
name = "lattice-transport"
version = "0.1.0"
